
Microsoft Visual Studio Solution File, Format Version 12.00
Project("{F2A71F9B-5D33-465A-A702-920D77279786}") = "FGenie", "FGenie\FGenie.fsproj", "{E53490C5-C832-4D25-817B-858F2699107F}"
EndProject
Project("{F2A71F9B-5D33-465A-A702-920D77279786}") = "FGenie.App", "FGenie.App\FGenie.App.fsproj", "{0C48FFEE-E4BC-4DF5-A544-EAFA27CC1D95}"
EndProject
Project("{F2A71F9B-5D33-465A-A702-920D77279786}") = "FGenie.OpenApi", "FGenie.OpenApi\FGenie.OpenApi.fsproj", "{DBBF743C-A6D5-4EBC-9735-0DEACD2F4840}"
EndProject
Global
	GlobalSection(SolutionConfigurationPlatforms) = preSolution
		Debug|Any CPU = Debug|Any CPU
		Release|Any CPU = Release|Any CPU
	EndGlobalSection
	GlobalSection(ProjectConfigurationPlatforms) = postSolution
		{E53490C5-C832-4D25-817B-858F2699107F}.Debug|Any CPU.ActiveCfg = Debug|Any CPU
		{E53490C5-C832-4D25-817B-858F2699107F}.Debug|Any CPU.Build.0 = Debug|Any CPU
		{E53490C5-C832-4D25-817B-858F2699107F}.Release|Any CPU.ActiveCfg = Release|Any CPU
		{E53490C5-C832-4D25-817B-858F2699107F}.Release|Any CPU.Build.0 = Release|Any CPU
		{0C48FFEE-E4BC-4DF5-A544-EAFA27CC1D95}.Debug|Any CPU.ActiveCfg = Debug|Any CPU
		{0C48FFEE-E4BC-4DF5-A544-EAFA27CC1D95}.Debug|Any CPU.Build.0 = Debug|Any CPU
		{0C48FFEE-E4BC-4DF5-A544-EAFA27CC1D95}.Release|Any CPU.ActiveCfg = Release|Any CPU
		{0C48FFEE-E4BC-4DF5-A544-EAFA27CC1D95}.Release|Any CPU.Build.0 = Release|Any CPU
		{DBBF743C-A6D5-4EBC-9735-0DEACD2F4840}.Debug|Any CPU.ActiveCfg = Debug|Any CPU
		{DBBF743C-A6D5-4EBC-9735-0DEACD2F4840}.Debug|Any CPU.Build.0 = Debug|Any CPU
		{DBBF743C-A6D5-4EBC-9735-0DEACD2F4840}.Release|Any CPU.ActiveCfg = Release|Any CPU
		{DBBF743C-A6D5-4EBC-9735-0DEACD2F4840}.Release|Any CPU.Build.0 = Release|Any CPU
	EndGlobalSection
EndGlobal
